// !$*UTF8*$!
{
	archiveVersion = 1;
	classes = {
	};
	objectVersion = 50;
	objects = {

/* Begin PBXBuildFile section */
		700D77C12257B511009FE1EF /* AppDelegate.swift in Sources */ = {isa = PBXBuildFile; fileRef = 700D77C02257B511009FE1EF /* AppDelegate.swift */; };
		700D77C32257B511009FE1EF /* ViewController.swift in Sources */ = {isa = PBXBuildFile; fileRef = 700D77C22257B511009FE1EF /* ViewController.swift */; };
		700D77C62257B511009FE1EF /* Main.storyboard in Resources */ = {isa = PBXBuildFile; fileRef = 700D77C42257B511009FE1EF /* Main.storyboard */; };
		700D77C92257B511009FE1EF /* DatabasesProject.xcdatamodeld in Sources */ = {isa = PBXBuildFile; fileRef = 700D77C72257B511009FE1EF /* DatabasesProject.xcdatamodeld */; };
		700D77CB2257B513009FE1EF /* Assets.xcassets in Resources */ = {isa = PBXBuildFile; fileRef = 700D77CA2257B513009FE1EF /* Assets.xcassets */; };
		700D77CE2257B513009FE1EF /* LaunchScreen.storyboard in Resources */ = {isa = PBXBuildFile; fileRef = 700D77CC2257B513009FE1EF /* LaunchScreen.storyboard */; };
		700D77D92257B513009FE1EF /* DatabasesProjectTests.swift in Sources */ = {isa = PBXBuildFile; fileRef = 700D77D82257B513009FE1EF /* DatabasesProjectTests.swift */; };
		700D77E42257B513009FE1EF /* DatabasesProjectUITests.swift in Sources */ = {isa = PBXBuildFile; fileRef = 700D77E32257B513009FE1EF /* DatabasesProjectUITests.swift */; };
		70E066E62266551C00E8138A /* Login.swift in Sources */ = {isa = PBXBuildFile; fileRef = 70E066E52266551C00E8138A /* Login.swift */; };
		70E066E82266552D00E8138A /* RegisterNavigation.swift in Sources */ = {isa = PBXBuildFile; fileRef = 70E066E72266552D00E8138A /* RegisterNavigation.swift */; };
		70E066EA2266553E00E8138A /* RegisterUser.swift in Sources */ = {isa = PBXBuildFile; fileRef = 70E066E92266553E00E8138A /* RegisterUser.swift */; };
		70E066EC2266554C00E8138A /* RegisterVisitor.swift in Sources */ = {isa = PBXBuildFile; fileRef = 70E066EB2266554C00E8138A /* RegisterVisitor.swift */; };
		70E066EE2266555D00E8138A /* RegisterEmployee.swift in Sources */ = {isa = PBXBuildFile; fileRef = 70E066ED2266555D00E8138A /* RegisterEmployee.swift */; };
		70E066F02266556A00E8138A /* RegisterEmployeeVisitor.swift in Sources */ = {isa = PBXBuildFile; fileRef = 70E066EF2266556A00E8138A /* RegisterEmployeeVisitor.swift */; };
		70E066F22266558F00E8138A /* Utility.swift in Sources */ = {isa = PBXBuildFile; fileRef = 70E066F12266558F00E8138A /* Utility.swift */; };
		70E066F4226655A200E8138A /* Model.swift in Sources */ = {isa = PBXBuildFile; fileRef = 70E066F3226655A200E8138A /* Model.swift */; };
/* End PBXBuildFile section */

/* Begin PBXContainerItemProxy section */
		700D77D52257B513009FE1EF /* PBXContainerItemProxy */ = {
			isa = PBXContainerItemProxy;
			containerPortal = 700D77B52257B511009FE1EF /* Project object */;
			proxyType = 1;
			remoteGlobalIDString = 700D77BC2257B511009FE1EF;
			remoteInfo = DatabasesProject;
		};
		700D77E02257B513009FE1EF /* PBXContainerItemProxy */ = {
			isa = PBXContainerItemProxy;
			containerPortal = 700D77B52257B511009FE1EF /* Project object */;
			proxyType = 1;
			remoteGlobalIDString = 700D77BC2257B511009FE1EF;
			remoteInfo = DatabasesProject;
		};
/* End PBXContainerItemProxy section */

/* Begin PBXFileReference section */
		700D77BD2257B511009FE1EF /* DatabasesProject.app */ = {isa = PBXFileReference; explicitFileType = wrapper.application; includeInIndex = 0; path = DatabasesProject.app; sourceTree = BUILT_PRODUCTS_DIR; };
		700D77C02257B511009FE1EF /* AppDelegate.swift */ = {isa = PBXFileReference; lastKnownFileType = sourcecode.swift; path = AppDelegate.swift; sourceTree = "<group>"; };
		700D77C22257B511009FE1EF /* ViewController.swift */ = {isa = PBXFileReference; lastKnownFileType = sourcecode.swift; path = ViewController.swift; sourceTree = "<group>"; };
		700D77C52257B511009FE1EF /* Base */ = {isa = PBXFileReference; lastKnownFileType = file.storyboard; name = Base; path = Base.lproj/Main.storyboard; sourceTree = "<group>"; };
		700D77C82257B511009FE1EF /* DatabasesProject.xcdatamodel */ = {isa = PBXFileReference; lastKnownFileType = wrapper.xcdatamodel; path = DatabasesProject.xcdatamodel; sourceTree = "<group>"; };
		700D77CA2257B513009FE1EF /* Assets.xcassets */ = {isa = PBXFileReference; lastKnownFileType = folder.assetcatalog; path = Assets.xcassets; sourceTree = "<group>"; };
		700D77CD2257B513009FE1EF /* Base */ = {isa = PBXFileReference; lastKnownFileType = file.storyboard; name = Base; path = Base.lproj/LaunchScreen.storyboard; sourceTree = "<group>"; };
		700D77CF2257B513009FE1EF /* Info.plist */ = {isa = PBXFileReference; lastKnownFileType = text.plist.xml; path = Info.plist; sourceTree = "<group>"; };
		700D77D42257B513009FE1EF /* DatabasesProjectTests.xctest */ = {isa = PBXFileReference; explicitFileType = wrapper.cfbundle; includeInIndex = 0; path = DatabasesProjectTests.xctest; sourceTree = BUILT_PRODUCTS_DIR; };
		700D77D82257B513009FE1EF /* DatabasesProjectTests.swift */ = {isa = PBXFileReference; lastKnownFileType = sourcecode.swift; path = DatabasesProjectTests.swift; sourceTree = "<group>"; };
		700D77DA2257B513009FE1EF /* Info.plist */ = {isa = PBXFileReference; lastKnownFileType = text.plist.xml; path = Info.plist; sourceTree = "<group>"; };
		700D77DF2257B513009FE1EF /* DatabasesProjectUITests.xctest */ = {isa = PBXFileReference; explicitFileType = wrapper.cfbundle; includeInIndex = 0; path = DatabasesProjectUITests.xctest; sourceTree = BUILT_PRODUCTS_DIR; };
		700D77E32257B513009FE1EF /* DatabasesProjectUITests.swift */ = {isa = PBXFileReference; lastKnownFileType = sourcecode.swift; path = DatabasesProjectUITests.swift; sourceTree = "<group>"; };
		700D77E52257B513009FE1EF /* Info.plist */ = {isa = PBXFileReference; lastKnownFileType = text.plist.xml; path = Info.plist; sourceTree = "<group>"; };
		70E066E52266551C00E8138A /* Login.swift */ = {isa = PBXFileReference; lastKnownFileType = sourcecode.swift; path = Login.swift; sourceTree = "<group>"; };
		70E066E72266552D00E8138A /* RegisterNavigation.swift */ = {isa = PBXFileReference; lastKnownFileType = sourcecode.swift; path = RegisterNavigation.swift; sourceTree = "<group>"; };
		70E066E92266553E00E8138A /* RegisterUser.swift */ = {isa = PBXFileReference; lastKnownFileType = sourcecode.swift; path = RegisterUser.swift; sourceTree = "<group>"; };
		70E066EB2266554C00E8138A /* RegisterVisitor.swift */ = {isa = PBXFileReference; lastKnownFileType = sourcecode.swift; path = RegisterVisitor.swift; sourceTree = "<group>"; };
		70E066ED2266555D00E8138A /* RegisterEmployee.swift */ = {isa = PBXFileReference; lastKnownFileType = sourcecode.swift; path = RegisterEmployee.swift; sourceTree = "<group>"; };
		70E066EF2266556A00E8138A /* RegisterEmployeeVisitor.swift */ = {isa = PBXFileReference; lastKnownFileType = sourcecode.swift; path = RegisterEmployeeVisitor.swift; sourceTree = "<group>"; };
		70E066F12266558F00E8138A /* Utility.swift */ = {isa = PBXFileReference; lastKnownFileType = sourcecode.swift; path = Utility.swift; sourceTree = "<group>"; };
		70E066F3226655A200E8138A /* Model.swift */ = {isa = PBXFileReference; lastKnownFileType = sourcecode.swift; path = Model.swift; sourceTree = "<group>"; };
/* End PBXFileReference section */

/* Begin PBXFrameworksBuildPhase section */
		700D77BA2257B511009FE1EF /* Frameworks */ = {
			isa = PBXFrameworksBuildPhase;
			buildActionMask = 2147483647;
			files = (
			);
			runOnlyForDeploymentPostprocessing = 0;
		};
		700D77D12257B513009FE1EF /* Frameworks */ = {
			isa = PBXFrameworksBuildPhase;
			buildActionMask = 2147483647;
			files = (
			);
			runOnlyForDeploymentPostprocessing = 0;
		};
		700D77DC2257B513009FE1EF /* Frameworks */ = {
			isa = PBXFrameworksBuildPhase;
			buildActionMask = 2147483647;
			files = (
			);
			runOnlyForDeploymentPostprocessing = 0;
		};
/* End PBXFrameworksBuildPhase section */

/* Begin PBXGroup section */
		700D77B42257B511009FE1EF = {
			isa = PBXGroup;
			children = (
				700D77BF2257B511009FE1EF /* DatabasesProject */,
				700D77D72257B513009FE1EF /* DatabasesProjectTests */,
				700D77E22257B513009FE1EF /* DatabasesProjectUITests */,
				700D77BE2257B511009FE1EF /* Products */,
			);
			sourceTree = "<group>";
		};
		700D77BE2257B511009FE1EF /* Products */ = {
			isa = PBXGroup;
			children = (
				700D77BD2257B511009FE1EF /* DatabasesProject.app */,
				700D77D42257B513009FE1EF /* DatabasesProjectTests.xctest */,
				700D77DF2257B513009FE1EF /* DatabasesProjectUITests.xctest */,
			);
			name = Products;
			sourceTree = "<group>";
		};
		700D77BF2257B511009FE1EF /* DatabasesProject */ = {
			isa = PBXGroup;
			children = (
				700D77C02257B511009FE1EF /* AppDelegate.swift */,
				700D77C22257B511009FE1EF /* ViewController.swift */,
				70E066F12266558F00E8138A /* Utility.swift */,
				70E066F3226655A200E8138A /* Model.swift */,
				70E066E52266551C00E8138A /* Login.swift */,
				70E066E72266552D00E8138A /* RegisterNavigation.swift */,
				70E066E92266553E00E8138A /* RegisterUser.swift */,
				70E066EB2266554C00E8138A /* RegisterVisitor.swift */,
				70E066ED2266555D00E8138A /* RegisterEmployee.swift */,
				70E066EF2266556A00E8138A /* RegisterEmployeeVisitor.swift */,
				700D77C42257B511009FE1EF /* Main.storyboard */,
				700D77CA2257B513009FE1EF /* Assets.xcassets */,
				700D77CC2257B513009FE1EF /* LaunchScreen.storyboard */,
				700D77CF2257B513009FE1EF /* Info.plist */,
				700D77C72257B511009FE1EF /* DatabasesProject.xcdatamodeld */,
			);
			path = DatabasesProject;
			sourceTree = "<group>";
		};
		700D77D72257B513009FE1EF /* DatabasesProjectTests */ = {
			isa = PBXGroup;
			children = (
				700D77D82257B513009FE1EF /* DatabasesProjectTests.swift */,
				700D77DA2257B513009FE1EF /* Info.plist */,
			);
			path = DatabasesProjectTests;
			sourceTree = "<group>";
		};
		700D77E22257B513009FE1EF /* DatabasesProjectUITests */ = {
			isa = PBXGroup;
			children = (
				700D77E32257B513009FE1EF /* DatabasesProjectUITests.swift */,
				700D77E52257B513009FE1EF /* Info.plist */,
			);
			path = DatabasesProjectUITests;
			sourceTree = "<group>";
		};
/* End PBXGroup section */

/* Begin PBXNativeTarget section */
		700D77BC2257B511009FE1EF /* DatabasesProject */ = {
			isa = PBXNativeTarget;
			buildConfigurationList = 700D77E82257B513009FE1EF /* Build configuration list for PBXNativeTarget "DatabasesProject" */;
			buildPhases = (
				700D77B92257B511009FE1EF /* Sources */,
				700D77BA2257B511009FE1EF /* Frameworks */,
				700D77BB2257B511009FE1EF /* Resources */,
			);
			buildRules = (
			);
			dependencies = (
			);
			name = DatabasesProject;
			productName = DatabasesProject;
			productReference = 700D77BD2257B511009FE1EF /* DatabasesProject.app */;
			productType = "com.apple.product-type.application";
		};
		700D77D32257B513009FE1EF /* DatabasesProjectTests */ = {
			isa = PBXNativeTarget;
			buildConfigurationList = 700D77EB2257B513009FE1EF /* Build configuration list for PBXNativeTarget "DatabasesProjectTests" */;
			buildPhases = (
				700D77D02257B513009FE1EF /* Sources */,
				700D77D12257B513009FE1EF /* Frameworks */,
				700D77D22257B513009FE1EF /* Resources */,
			);
			buildRules = (
			);
			dependencies = (
				700D77D62257B513009FE1EF /* PBXTargetDependency */,
			);
			name = DatabasesProjectTests;
			productName = DatabasesProjectTests;
			productReference = 700D77D42257B513009FE1EF /* DatabasesProjectTests.xctest */;
			productType = "com.apple.product-type.bundle.unit-test";
		};
		700D77DE2257B513009FE1EF /* DatabasesProjectUITests */ = {
			isa = PBXNativeTarget;
			buildConfigurationList = 700D77EE2257B513009FE1EF /* Build configuration list for PBXNativeTarget "DatabasesProjectUITests" */;
			buildPhases = (
				700D77DB2257B513009FE1EF /* Sources */,
				700D77DC2257B513009FE1EF /* Frameworks */,
				700D77DD2257B513009FE1EF /* Resources */,
			);
			buildRules = (
			);
			dependencies = (
				700D77E12257B513009FE1EF /* PBXTargetDependency */,
			);
			name = DatabasesProjectUITests;
			productName = DatabasesProjectUITests;
			productReference = 700D77DF2257B513009FE1EF /* DatabasesProjectUITests.xctest */;
			productType = "com.apple.product-type.bundle.ui-testing";
		};
/* End PBXNativeTarget section */

/* Begin PBXProject section */
		700D77B52257B511009FE1EF /* Project object */ = {
			isa = PBXProject;
			attributes = {
				LastSwiftUpdateCheck = 1010;
				LastUpgradeCheck = 1010;
				ORGANIZATIONNAME = Team24;
				TargetAttributes = {
					700D77BC2257B511009FE1EF = {
						CreatedOnToolsVersion = 10.1;
					};
					700D77D32257B513009FE1EF = {
						CreatedOnToolsVersion = 10.1;
						TestTargetID = 700D77BC2257B511009FE1EF;
					};
					700D77DE2257B513009FE1EF = {
						CreatedOnToolsVersion = 10.1;
						TestTargetID = 700D77BC2257B511009FE1EF;
					};
				};
			};
			buildConfigurationList = 700D77B82257B511009FE1EF /* Build configuration list for PBXProject "DatabasesProject" */;
			compatibilityVersion = "Xcode 9.3";
			developmentRegion = en;
			hasScannedForEncodings = 0;
			knownRegions = (
				en,
				Base,
			);
			mainGroup = 700D77B42257B511009FE1EF;
			productRefGroup = 700D77BE2257B511009FE1EF /* Products */;
			projectDirPath = "";
			projectRoot = "";
			targets = (
				700D77BC2257B511009FE1EF /* DatabasesProject */,
				700D77D32257B513009FE1EF /* DatabasesProjectTests */,
				700D77DE2257B513009FE1EF /* DatabasesProjectUITests */,
			);
		};
/* End PBXProject section */

/* Begin PBXResourcesBuildPhase section */
		700D77BB2257B511009FE1EF /* Resources */ = {
			isa = PBXResourcesBuildPhase;
			buildActionMask = 2147483647;
			files = (
				700D77CE2257B513009FE1EF /* LaunchScreen.storyboard in Resources */,
				700D77CB2257B513009FE1EF /* Assets.xcassets in Resources */,
				700D77C62257B511009FE1EF /* Main.storyboard in Resources */,
			);
			runOnlyForDeploymentPostprocessing = 0;
		};
		700D77D22257B513009FE1EF /* Resources */ = {
			isa = PBXResourcesBuildPhase;
			buildActionMask = 2147483647;
			files = (
			);
			runOnlyForDeploymentPostprocessing = 0;
		};
		700D77DD2257B513009FE1EF /* Resources */ = {
			isa = PBXResourcesBuildPhase;
			buildActionMask = 2147483647;
			files = (
			);
			runOnlyForDeploymentPostprocessing = 0;
		};
/* End PBXResourcesBuildPhase section */

/* Begin PBXSourcesBuildPhase section */
		700D77B92257B511009FE1EF /* Sources */ = {
			isa = PBXSourcesBuildPhase;
			buildActionMask = 2147483647;
			files = (
				70E066F22266558F00E8138A /* Utility.swift in Sources */,
				700D77C92257B511009FE1EF /* DatabasesProject.xcdatamodeld in Sources */,
				70E066EA2266553E00E8138A /* RegisterUser.swift in Sources */,
				70E066F02266556A00E8138A /* RegisterEmployeeVisitor.swift in Sources */,
				70E066E82266552D00E8138A /* RegisterNavigation.swift in Sources */,
				700D77C32257B511009FE1EF /* ViewController.swift in Sources */,
				700D77C12257B511009FE1EF /* AppDelegate.swift in Sources */,
				70E066E62266551C00E8138A /* Login.swift in Sources */,
				70E066F4226655A200E8138A /* Model.swift in Sources */,
				70E066EE2266555D00E8138A /* RegisterEmployee.swift in Sources */,
				70E066EC2266554C00E8138A /* RegisterVisitor.swift in Sources */,
			);
			runOnlyForDeploymentPostprocessing = 0;
		};
		700D77D02257B513009FE1EF /* Sources */ = {
			isa = PBXSourcesBuildPhase;
			buildActionMask = 2147483647;
			files = (
				700D77D92257B513009FE1EF /* DatabasesProjectTests.swift in Sources */,
			);
			runOnlyForDeploymentPostprocessing = 0;
		};
		700D77DB2257B513009FE1EF /* Sources */ = {
			isa = PBXSourcesBuildPhase;
			buildActionMask = 2147483647;
			files = (
				700D77E42257B513009FE1EF /* DatabasesProjectUITests.swift in Sources */,
			);
			runOnlyForDeploymentPostprocessing = 0;
		};
/* End PBXSourcesBuildPhase section */

/* Begin PBXTargetDependency section */
		700D77D62257B513009FE1EF /* PBXTargetDependency */ = {
			isa = PBXTargetDependency;
			target = 700D77BC2257B511009FE1EF /* DatabasesProject */;
			targetProxy = 700D77D52257B513009FE1EF /* PBXContainerItemProxy */;
		};
		700D77E12257B513009FE1EF /* PBXTargetDependency */ = {
			isa = PBXTargetDependency;
			target = 700D77BC2257B511009FE1EF /* DatabasesProject */;
			targetProxy = 700D77E02257B513009FE1EF /* PBXContainerItemProxy */;
		};
/* End PBXTargetDependency section */

/* Begin PBXVariantGroup section */
		700D77C42257B511009FE1EF /* Main.storyboard */ = {
			isa = PBXVariantGroup;
			children = (
				700D77C52257B511009FE1EF /* Base */,
			);
			name = Main.storyboard;
			sourceTree = "<group>";
		};
		700D77CC2257B513009FE1EF /* LaunchScreen.storyboard */ = {
			isa = PBXVariantGroup;
			children = (
				700D77CD2257B513009FE1EF /* Base */,
			);
			name = LaunchScreen.storyboard;
			sourceTree = "<group>";
		};
/* End PBXVariantGroup section */

/* Begin XCBuildConfiguration section */
		700D77E62257B513009FE1EF /* Debug */ = {
			isa = XCBuildConfiguration;
			buildSettings = {
				ALWAYS_SEARCH_USER_PATHS = NO;
				CLANG_ANALYZER_NONNULL = YES;
				CLANG_ANALYZER_NUMBER_OBJECT_CONVERSION = YES_AGGRESSIVE;
				CLANG_CXX_LANGUAGE_STANDARD = "gnu++14";
				CLANG_CXX_LIBRARY = "libc++";
				CLANG_ENABLE_MODULES = YES;
				CLANG_ENABLE_OBJC_ARC = YES;
				CLANG_ENABLE_OBJC_WEAK = YES;
				CLANG_WARN_BLOCK_CAPTURE_AUTORELEASING = YES;
				CLANG_WARN_BOOL_CONVERSION = YES;
				CLANG_WARN_COMMA = YES;
				CLANG_WARN_CONSTANT_CONVERSION = YES;
				CLANG_WARN_DEPRECATED_OBJC_IMPLEMENTATIONS = YES;
				CLANG_WARN_DIRECT_OBJC_ISA_USAGE = YES_ERROR;
				CLANG_WARN_DOCUMENTATION_COMMENTS = YES;
				CLANG_WARN_EMPTY_BODY = YES;
				CLANG_WARN_ENUM_CONVERSION = YES;
				CLANG_WARN_INFINITE_RECURSION = YES;
				CLANG_WARN_INT_CONVERSION = YES;
				CLANG_WARN_NON_LITERAL_NULL_CONVERSION = YES;
				CLANG_WARN_OBJC_IMPLICIT_RETAIN_SELF = YES;
				CLANG_WARN_OBJC_LITERAL_CONVERSION = YES;
				CLANG_WARN_OBJC_ROOT_CLASS = YES_ERROR;
				CLANG_WARN_RANGE_LOOP_ANALYSIS = YES;
				CLANG_WARN_STRICT_PROTOTYPES = YES;
				CLANG_WARN_SUSPICIOUS_MOVE = YES;
				CLANG_WARN_UNGUARDED_AVAILABILITY = YES_AGGRESSIVE;
				CLANG_WARN_UNREACHABLE_CODE = YES;
				CLANG_WARN__DUPLICATE_METHOD_MATCH = YES;
				CODE_SIGN_IDENTITY = "iPhone Developer";
				COPY_PHASE_STRIP = NO;
				DEBUG_INFORMATION_FORMAT = dwarf;
				ENABLE_STRICT_OBJC_MSGSEND = YES;
				ENABLE_TESTABILITY = YES;
				GCC_C_LANGUAGE_STANDARD = gnu11;
				GCC_DYNAMIC_NO_PIC = NO;
				GCC_NO_COMMON_BLOCKS = YES;
				GCC_OPTIMIZATION_LEVEL = 0;
				GCC_PREPROCESSOR_DEFINITIONS = (
					"DEBUG=1",
					"$(inherited)",
				);
				GCC_WARN_64_TO_32_BIT_CONVERSION = YES;
				GCC_WARN_ABOUT_RETURN_TYPE = YES_ERROR;
				GCC_WARN_UNDECLARED_SELECTOR = YES;
				GCC_WARN_UNINITIALIZED_AUTOS = YES_AGGRESSIVE;
				GCC_WARN_UNUSED_FUNCTION = YES;
				GCC_WARN_UNUSED_VARIABLE = YES;
				IPHONEOS_DEPLOYMENT_TARGET = 12.1;
				MTL_ENABLE_DEBUG_INFO = INCLUDE_SOURCE;
				MTL_FAST_MATH = YES;
				ONLY_ACTIVE_ARCH = YES;
				SDKROOT = iphoneos;
				SWIFT_ACTIVE_COMPILATION_CONDITIONS = DEBUG;
				SWIFT_OPTIMIZATION_LEVEL = "-Onone";
			};
			name = Debug;
		};
		700D77E72257B513009FE1EF /* Release */ = {
			isa = XCBuildConfiguration;
			buildSettings = {
				ALWAYS_SEARCH_USER_PATHS = NO;
				CLANG_ANALYZER_NONNULL = YES;
				CLANG_ANALYZER_NUMBER_OBJECT_CONVERSION = YES_AGGRESSIVE;
				CLANG_CXX_LANGUAGE_STANDARD = "gnu++14";
				CLANG_CXX_LIBRARY = "libc++";
				CLANG_ENABLE_MODULES = YES;
				CLANG_ENABLE_OBJC_ARC = YES;
				CLANG_ENABLE_OBJC_WEAK = YES;
				CLANG_WARN_BLOCK_CAPTURE_AUTORELEASING = YES;
				CLANG_WARN_BOOL_CONVERSION = YES;
				CLANG_WARN_COMMA = YES;
				CLANG_WARN_CONSTANT_CONVERSION = YES;
				CLANG_WARN_DEPRECATED_OBJC_IMPLEMENTATIONS = YES;
				CLANG_WARN_DIRECT_OBJC_ISA_USAGE = YES_ERROR;
				CLANG_WARN_DOCUMENTATION_COMMENTS = YES;
				CLANG_WARN_EMPTY_BODY = YES;
				CLANG_WARN_ENUM_CONVERSION = YES;
				CLANG_WARN_INFINITE_RECURSION = YES;
				CLANG_WARN_INT_CONVERSION = YES;
				CLANG_WARN_NON_LITERAL_NULL_CONVERSION = YES;
				CLANG_WARN_OBJC_IMPLICIT_RETAIN_SELF = YES;
				CLANG_WARN_OBJC_LITERAL_CONVERSION = YES;
				CLANG_WARN_OBJC_ROOT_CLASS = YES_ERROR;
				CLANG_WARN_RANGE_LOOP_ANALYSIS = YES;
				CLANG_WARN_STRICT_PROTOTYPES = YES;
				CLANG_WARN_SUSPICIOUS_MOVE = YES;
				CLANG_WARN_UNGUARDED_AVAILABILITY = YES_AGGRESSIVE;
				CLANG_WARN_UNREACHABLE_CODE = YES;
				CLANG_WARN__DUPLICATE_METHOD_MATCH = YES;
				CODE_SIGN_IDENTITY = "iPhone Developer";
				COPY_PHASE_STRIP = NO;
				DEBUG_INFORMATION_FORMAT = "dwarf-with-dsym";
				ENABLE_NS_ASSERTIONS = NO;
				ENABLE_STRICT_OBJC_MSGSEND = YES;
				GCC_C_LANGUAGE_STANDARD = gnu11;
				GCC_NO_COMMON_BLOCKS = YES;
				GCC_WARN_64_TO_32_BIT_CONVERSION = YES;
				GCC_WARN_ABOUT_RETURN_TYPE = YES_ERROR;
				GCC_WARN_UNDECLARED_SELECTOR = YES;
				GCC_WARN_UNINITIALIZED_AUTOS = YES_AGGRESSIVE;
				GCC_WARN_UNUSED_FUNCTION = YES;
				GCC_WARN_UNUSED_VARIABLE = YES;
				IPHONEOS_DEPLOYMENT_TARGET = 12.1;
				MTL_ENABLE_DEBUG_INFO = NO;
				MTL_FAST_MATH = YES;
				SDKROOT = iphoneos;
				SWIFT_COMPILATION_MODE = wholemodule;
				SWIFT_OPTIMIZATION_LEVEL = "-O";
				VALIDATE_PRODUCT = YES;
			};
			name = Release;
		};
		700D77E92257B513009FE1EF /* Debug */ = {
			isa = XCBuildConfiguration;
			buildSettings = {
				ASSETCATALOG_COMPILER_APPICON_NAME = AppIcon;
				CODE_SIGN_STYLE = Automatic;
				DEVELOPMENT_TEAM = KAEW2AKT6X;
				INFOPLIST_FILE = DatabasesProject/Info.plist;
				LD_RUNPATH_SEARCH_PATHS = (
					"$(inherited)",
					"@executable_path/Frameworks",
				);
				PRODUCT_BUNDLE_IDENTIFIER = team24.DatabasesProject;
				PRODUCT_NAME = "$(TARGET_NAME)";
				SWIFT_VERSION = 4.2;
				TARGETED_DEVICE_FAMILY = "1,2";
			};
			name = Debug;
		};
		700D77EA2257B513009FE1EF /* Release */ = {
			isa = XCBuildConfiguration;
			buildSettings = {
				ASSETCATALOG_COMPILER_APPICON_NAME = AppIcon;
				CODE_SIGN_STYLE = Automatic;
				DEVELOPMENT_TEAM = KAEW2AKT6X;
				INFOPLIST_FILE = DatabasesProject/Info.plist;
				LD_RUNPATH_SEARCH_PATHS = (
					"$(inherited)",
					"@executable_path/Frameworks",
				);
				PRODUCT_BUNDLE_IDENTIFIER = team24.DatabasesProject;
				PRODUCT_NAME = "$(TARGET_NAME)";
				SWIFT_VERSION = 4.2;
				TARGETED_DEVICE_FAMILY = "1,2";
			};
			name = Release;
		};
		700D77EC2257B513009FE1EF /* Debug */ = {
			isa = XCBuildConfiguration;
			buildSettings = {
				ALWAYS_EMBED_SWIFT_STANDARD_LIBRARIES = YES;
				BUNDLE_LOADER = "$(TEST_HOST)";
				CODE_SIGN_STYLE = Automatic;
				DEVELOPMENT_TEAM = KAEW2AKT6X;
				INFOPLIST_FILE = DatabasesProjectTests/Info.plist;
				LD_RUNPATH_SEARCH_PATHS = (
					"$(inherited)",
					"@executable_path/Frameworks",
					"@loader_path/Frameworks",
				);
				PRODUCT_BUNDLE_IDENTIFIER = team24.DatabasesProjectTests;
				PRODUCT_NAME = "$(TARGET_NAME)";
				SWIFT_VERSION = 4.2;
				TARGETED_DEVICE_FAMILY = "1,2";
				TEST_HOST = "$(BUILT_PRODUCTS_DIR)/DatabasesProject.app/DatabasesProject";
			};
			name = Debug;
		};
		700D77ED2257B513009FE1EF /* Release */ = {
			isa = XCBuildConfiguration;
			buildSettings = {
				ALWAYS_EMBED_SWIFT_STANDARD_LIBRARIES = YES;
				BUNDLE_LOADER = "$(TEST_HOST)";
				CODE_SIGN_STYLE = Automatic;
				DEVELOPMENT_TEAM = KAEW2AKT6X;
				INFOPLIST_FILE = DatabasesProjectTests/Info.plist;
				LD_RUNPATH_SEARCH_PATHS = (
					"$(inherited)",
					"@executable_path/Frameworks",
					"@loader_path/Frameworks",
				);
				PRODUCT_BUNDLE_IDENTIFIER = team24.DatabasesProjectTests;
				PRODUCT_NAME = "$(TARGET_NAME)";
				SWIFT_VERSION = 4.2;
				TARGETED_DEVICE_FAMILY = "1,2";
				TEST_HOST = "$(BUILT_PRODUCTS_DIR)/DatabasesProject.app/DatabasesProject";
			};
			name = Release;
		};
		700D77EF2257B513009FE1EF /* Debug */ = {
			isa = XCBuildConfiguration;
			buildSettings = {
				ALWAYS_EMBED_SWIFT_STANDARD_LIBRARIES = YES;
				CODE_SIGN_STYLE = Automatic;
				DEVELOPMENT_TEAM = KAEW2AKT6X;
				INFOPLIST_FILE = DatabasesProjectUITests/Info.plist;
				LD_RUNPATH_SEARCH_PATHS = (
					"$(inherited)",
					"@executable_path/Frameworks",
					"@loader_path/Frameworks",
				);
				PRODUCT_BUNDLE_IDENTIFIER = team24.DatabasesProjectUITests;
				PRODUCT_NAME = "$(TARGET_NAME)";
				SWIFT_VERSION = 4.2;
				TARGETED_DEVICE_FAMILY = "1,2";
				TEST_TARGET_NAME = DatabasesProject;
			};
			name = Debug;
		};
		700D77F02257B513009FE1EF /* Release */ = {
			isa = XCBuildConfiguration;
			buildSettings = {
				ALWAYS_EMBED_SWIFT_STANDARD_LIBRARIES = YES;
				CODE_SIGN_STYLE = Automatic;
				DEVELOPMENT_TEAM = KAEW2AKT6X;
				INFOPLIST_FILE = DatabasesProjectUITests/Info.plist;
				LD_RUNPATH_SEARCH_PATHS = (
					"$(inherited)",
					"@executable_path/Frameworks",
					"@loader_path/Frameworks",
				);
				PRODUCT_BUNDLE_IDENTIFIER = team24.DatabasesProjectUITests;
				PRODUCT_NAME = "$(TARGET_NAME)";
				SWIFT_VERSION = 4.2;
				TARGETED_DEVICE_FAMILY = "1,2";
				TEST_TARGET_NAME = DatabasesProject;
			};
			name = Release;
		};
/* End XCBuildConfiguration section */

/* Begin XCConfigurationList section */
		700D77B82257B511009FE1EF /* Build configuration list for PBXProject "DatabasesProject" */ = {
			isa = XCConfigurationList;
			buildConfigurations = (
				700D77E62257B513009FE1EF /* Debug */,
				700D77E72257B513009FE1EF /* Release */,
			);
			defaultConfigurationIsVisible = 0;
			defaultConfigurationName = Release;
		};
		700D77E82257B513009FE1EF /* Build configuration list for PBXNativeTarget "DatabasesProject" */ = {
			isa = XCConfigurationList;
			buildConfigurations = (
				700D77E92257B513009FE1EF /* Debug */,
				700D77EA2257B513009FE1EF /* Release */,
			);
			defaultConfigurationIsVisible = 0;
			defaultConfigurationName = Release;
		};
		700D77EB2257B513009FE1EF /* Build configuration list for PBXNativeTarget "DatabasesProjectTests" */ = {
			isa = XCConfigurationList;
			buildConfigurations = (
				700D77EC2257B513009FE1EF /* Debug */,
				700D77ED2257B513009FE1EF /* Release */,
			);
			defaultConfigurationIsVisible = 0;
			defaultConfigurationName = Release;
		};
		700D77EE2257B513009FE1EF /* Build configuration list for PBXNativeTarget "DatabasesProjectUITests" */ = {
			isa = XCConfigurationList;
			buildConfigurations = (
				700D77EF2257B513009FE1EF /* Debug */,
				700D77F02257B513009FE1EF /* Release */,
			);
			defaultConfigurationIsVisible = 0;
			defaultConfigurationName = Release;
		};
/* End XCConfigurationList section */

/* Begin XCVersionGroup section */
		700D77C72257B511009FE1EF /* DatabasesProject.xcdatamodeld */ = {
			isa = XCVersionGroup;
			children = (
				700D77C82257B511009FE1EF /* DatabasesProject.xcdatamodel */,
			);
			currentVersion = 700D77C82257B511009FE1EF /* DatabasesProject.xcdatamodel */;
			path = DatabasesProject.xcdatamodeld;
			sourceTree = "<group>";
			versionGroupType = wrapper.xcdatamodel;
		};
/* End XCVersionGroup section */
	};
	rootObject = 700D77B52257B511009FE1EF /* Project object */;
}
